
Microsoft Visual Studio Solution File, Format Version 12.00
# Visual Studio Version 16
VisualStudioVersion = 16.0.31702.278
MinimumVisualStudioVersion = 10.0.40219.1
Project("{9A19103F-16F7-4668-BE54-9A1E7A4F7556}") = "BaiTapSo1", "BaiTapIfElse\BaiTapSo1.csproj", "{244DDC11-EB9A-4C27-947D-C491FC6E06C4}"
EndProject
Project("{9A19103F-16F7-4668-BE54-9A1E7A4F7556}") = "BaiTapSo2", "BaiTapSo2\BaiTapSo2.csproj", "{AB4F34DD-4836-4347-90A2-939A5B325623}"
EndProject
Project("{FAE04EC0-301F-11D3-BF4B-00C04F79EFBC}") = "BaiTapSo3", "BaiTapSo3\BaiTapSo3.csproj", "{EF599DC4-31E3-426C-83EC-31582BB46746}"
EndProject
Global
	GlobalSection(SolutionConfigurationPlatforms) = preSolution
		Debug|Any CPU = Debug|Any CPU
		Release|Any CPU = Release|Any CPU
	EndGlobalSection
	GlobalSection(ProjectConfigurationPlatforms) = postSolution
		{244DDC11-EB9A-4C27-947D-C491FC6E06C4}.Debug|Any CPU.ActiveCfg = Debug|Any CPU
		{244DDC11-EB9A-4C27-947D-C491FC6E06C4}.Debug|Any CPU.Build.0 = Debug|Any CPU
		{244DDC11-EB9A-4C27-947D-C491FC6E06C4}.Release|Any CPU.ActiveCfg = Release|Any CPU
		{244DDC11-EB9A-4C27-947D-C491FC6E06C4}.Release|Any CPU.Build.0 = Release|Any CPU
		{AB4F34DD-4836-4347-90A2-939A5B325623}.Debug|Any CPU.ActiveCfg = Debug|Any CPU
		{AB4F34DD-4836-4347-90A2-939A5B325623}.Debug|Any CPU.Build.0 = Debug|Any CPU
		{AB4F34DD-4836-4347-90A2-939A5B325623}.Release|Any CPU.ActiveCfg = Release|Any CPU
		{AB4F34DD-4836-4347-90A2-939A5B325623}.Release|Any CPU.Build.0 = Release|Any CPU
		{EF599DC4-31E3-426C-83EC-31582BB46746}.Debug|Any CPU.ActiveCfg = Debug|Any CPU
		{EF599DC4-31E3-426C-83EC-31582BB46746}.Debug|Any CPU.Build.0 = Debug|Any CPU
		{EF599DC4-31E3-426C-83EC-31582BB46746}.Release|Any CPU.ActiveCfg = Release|Any CPU
		{EF599DC4-31E3-426C-83EC-31582BB46746}.Release|Any CPU.Build.0 = Release|Any CPU
	EndGlobalSection
	GlobalSection(SolutionProperties) = preSolution
		HideSolutionNode = FALSE
	EndGlobalSection
	GlobalSection(ExtensibilityGlobals) = postSolution
		SolutionGuid = {CEE77DF0-3CED-4C21-9F6B-9D62EB3CF0DC}
	EndGlobalSection
EndGlobal
